
Microsoft Visual Studio Solution File, Format Version 12.00
# Visual Studio Version 16
VisualStudioVersion = 16.0.30717.126
MinimumVisualStudioVersion = 10.0.40219.1
Project("{8BC9CEB8-8B4A-11D0-8D11-00A0C91BC942}") = "SteveModMaker_CPP", "SteveModMaker_CPP.vcxproj", "{B7A29F0D-FC2A-470F-B3EF-FE72A4644BF8}"
EndProject
Global
	GlobalSection(SolutionConfigurationPlatforms) = preSolution
		Debug|x64 = Debug|x64
		Release|x64 = Release|x64
	EndGlobalSection
	GlobalSection(ProjectConfigurationPlatforms) = postSolution
		{B7A29F0D-FC2A-470F-B3EF-FE72A4644BF8}.Debug|x64.ActiveCfg = Debug|x64
		{B7A29F0D-FC2A-470F-B3EF-FE72A4644BF8}.Debug|x64.Build.0 = Debug|x64
		{B7A29F0D-FC2A-470F-B3EF-FE72A4644BF8}.Release|x64.ActiveCfg = Release|x64
		{B7A29F0D-FC2A-470F-B3EF-FE72A4644BF8}.Release|x64.Build.0 = Release|x64
	EndGlobalSection
	GlobalSection(SolutionProperties) = preSolution
		HideSolutionNode = FALSE
	EndGlobalSection
	GlobalSection(ExtensibilityGlobals) = postSolution
		SolutionGuid = {6D13A926-AD13-463E-AA94-708AE0610D20}
	EndGlobalSection
EndGlobal
